
Microsoft Visual Studio Solution File, Format Version 12.00
# Visual Studio Version 17
VisualStudioVersion = 17.4.33205.214
MinimumVisualStudioVersion = 10.0.40219.1
Project("{FAE04EC0-301F-11D3-BF4B-00C04F79EFBC}") = "Exercicio02_Classes_Atributos_Metodos", "Exercicio02_Classes_Atributos_Metodos\Exercicio02_Classes_Atributos_Metodos.csproj", "{CC17ACA7-E5A7-4BAA-92DB-EB6D609E346B}"
EndProject
Global
	GlobalSection(SolutionConfigurationPlatforms) = preSolution
		Debug|Any CPU = Debug|Any CPU
		Release|Any CPU = Release|Any CPU
	EndGlobalSection
	GlobalSection(ProjectConfigurationPlatforms) = postSolution
		{CC17ACA7-E5A7-4BAA-92DB-EB6D609E346B}.Debug|Any CPU.ActiveCfg = Debug|Any CPU
		{CC17ACA7-E5A7-4BAA-92DB-EB6D609E346B}.Debug|Any CPU.Build.0 = Debug|Any CPU
		{CC17ACA7-E5A7-4BAA-92DB-EB6D609E346B}.Release|Any CPU.ActiveCfg = Release|Any CPU
		{CC17ACA7-E5A7-4BAA-92DB-EB6D609E346B}.Release|Any CPU.Build.0 = Release|Any CPU
	EndGlobalSection
	GlobalSection(SolutionProperties) = preSolution
		HideSolutionNode = FALSE
	EndGlobalSection
	GlobalSection(ExtensibilityGlobals) = postSolution
		SolutionGuid = {13C98FC5-FCE4-4F2C-B0B9-9BE732C914AB}
	EndGlobalSection
EndGlobal
